{
    "name": "more-languages-for-adobe-brackets",
    "version": "1.2.0",
    "lockfileVersion": 2,
    "requires": true,
    "packages": {
        "": {
            "version": "1.2.0",
            "license": "AGPLv3",
            "dependencies": {
                "codemirror": "^5.62.2"
            },
            "devDependencies": {
                "codemirror-solidity": "^0.2.3"
            },
            "engines": {
                "brackets": ">=1.0.0"
            }
        },
        "node_modules/codemirror": {
            "version": "5.62.2",
            "resolved": "https://registry.npmjs.org/codemirror/-/codemirror-5.62.2.tgz",
            "integrity": "sha512-tVFMUa4J3Q8JUd1KL9yQzQB0/BJt7ZYZujZmTPgo/54Lpuq3ez4C8x/ATUY/wv7b7X3AUq8o3Xd+2C5ZrCGWHw=="
        },
        "node_modules/codemirror-solidity": {
            "version": "0.2.3",
            "resolved": "https://registry.npmjs.org/codemirror-solidity/-/codemirror-solidity-0.2.3.tgz",
            "integrity": "sha512-4/HBC9kf/REiQ4SqDmQ2ni6q5AAE23CXipKcO0TqCNtaLUqbGbbpW4ZCNCaIXQsz6uSVJZo0jNH0rg/Ku45tFA==",
            "dev": true,
            "dependencies": {
                "codemirror": "^5.56.0"
            }
        }
    },
    "dependencies": {
        "codemirror": {
            "version": "5.62.2",
            "resolved": "https://registry.npmjs.org/codemirror/-/codemirror-5.62.2.tgz",
            "integrity": "sha512-tVFMUa4J3Q8JUd1KL9yQzQB0/BJt7ZYZujZmTPgo/54Lpuq3ez4C8x/ATUY/wv7b7X3AUq8o3Xd+2C5ZrCGWHw=="
        },
        "codemirror-solidity": {
            "version": "0.2.3",
            "resolved": "https://registry.npmjs.org/codemirror-solidity/-/codemirror-solidity-0.2.3.tgz",
            "integrity": "sha512-4/HBC9kf/REiQ4SqDmQ2ni6q5AAE23CXipKcO0TqCNtaLUqbGbbpW4ZCNCaIXQsz6uSVJZo0jNH0rg/Ku45tFA==",
            "dev": true,
            "requires": {
                "codemirror": "^5.56.0"
            }
        }
    }
}
